// !$*UTF8*$!
{
	archiveVersion = 1;
	classes = {
	};
	objectVersion = 46;
	objects = {

/* Begin PBXBuildFile section */
		112BB30D1B44B842006349B3 /* LinkastorAPIClient.swift in Sources */ = {isa = PBXBuildFile; fileRef = 11484F981B448A1D0072506B /* LinkastorAPIClient.swift */; };
		112BB3101B44B8C3006349B3 /* SessionManager.swift in Sources */ = {isa = PBXBuildFile; fileRef = 112BB30F1B44B8C3006349B3 /* SessionManager.swift */; };
		112BB3111B44B9DE006349B3 /* SessionManager.swift in Sources */ = {isa = PBXBuildFile; fileRef = 112BB30F1B44B8C3006349B3 /* SessionManager.swift */; };
		112BB3131B45409B006349B3 /* HomeViewController.swift in Sources */ = {isa = PBXBuildFile; fileRef = 112BB3121B45409B006349B3 /* HomeViewController.swift */; };
		112BB3151B454C1F006349B3 /* LoginViewController.swift in Sources */ = {isa = PBXBuildFile; fileRef = 112BB3141B454C1F006349B3 /* LoginViewController.swift */; };
		11484F991B448A1D0072506B /* LinkastorAPIClient.swift in Sources */ = {isa = PBXBuildFile; fileRef = 11484F981B448A1D0072506B /* LinkastorAPIClient.swift */; };
		1167FDED1B4189CD00F6BB64 /* AppDelegate.swift in Sources */ = {isa = PBXBuildFile; fileRef = 1167FDEC1B4189CD00F6BB64 /* AppDelegate.swift */; };
		1167FDF21B4189CD00F6BB64 /* Main.storyboard in Resources */ = {isa = PBXBuildFile; fileRef = 1167FDF01B4189CD00F6BB64 /* Main.storyboard */; };
		1167FDF41B4189CD00F6BB64 /* Assets.xcassets in Resources */ = {isa = PBXBuildFile; fileRef = 1167FDF31B4189CD00F6BB64 /* Assets.xcassets */; };
		1167FDF71B4189CD00F6BB64 /* LaunchScreen.storyboard in Resources */ = {isa = PBXBuildFile; fileRef = 1167FDF51B4189CD00F6BB64 /* LaunchScreen.storyboard */; };
		11941B0E1B41FA7B00B63AD4 /* ShareViewController.swift in Sources */ = {isa = PBXBuildFile; fileRef = 11941B0D1B41FA7B00B63AD4 /* ShareViewController.swift */; };
		11941B151B41FA7B00B63AD4 /* Extension.appex in Embed App Extensions */ = {isa = PBXBuildFile; fileRef = 11941B0B1B41FA7B00B63AD4 /* Extension.appex */; settings = {ATTRIBUTES = (RemoveHeadersOnCopy, ); }; };
		11941B1C1B42003B00B63AD4 /* MainInterface.storyboard in Resources */ = {isa = PBXBuildFile; fileRef = 11941B1A1B42003B00B63AD4 /* MainInterface.storyboard */; };
		11941B1E1B42005A00B63AD4 /* GroupSelectionTableViewController.swift in Sources */ = {isa = PBXBuildFile; fileRef = 11941B1D1B42005A00B63AD4 /* GroupSelectionTableViewController.swift */; };
		11CEBB1C1C6FD7CB00E0AA6B /* NSExtensionContext+ContextHelper.swift in Sources */ = {isa = PBXBuildFile; fileRef = 11CEBB1B1C6FD7CB00E0AA6B /* NSExtensionContext+ContextHelper.swift */; };
		6E5D85656EB2E7C726D79E06 /* Pods.framework in Frameworks */ = {isa = PBXBuildFile; fileRef = 29E3907025AAB9070EF2E58F /* Pods.framework */; settings = {ATTRIBUTES = (Weak, ); }; };
/* End PBXBuildFile section */

/* Begin PBXContainerItemProxy section */
		11941B131B41FA7B00B63AD4 /* PBXContainerItemProxy */ = {
			isa = PBXContainerItemProxy;
			containerPortal = 1167FDE11B4189CD00F6BB64 /* Project object */;
			proxyType = 1;
			remoteGlobalIDString = 11941B0A1B41FA7B00B63AD4;
			remoteInfo = Extension;
		};
/* End PBXContainerItemProxy section */

/* Begin PBXCopyFilesBuildPhase section */
		11941B191B41FA7C00B63AD4 /* Embed App Extensions */ = {
			isa = PBXCopyFilesBuildPhase;
			buildActionMask = 2147483647;
			dstPath = "";
			dstSubfolderSpec = 13;
			files = (
				11941B151B41FA7B00B63AD4 /* Extension.appex in Embed App Extensions */,
			);
			name = "Embed App Extensions";
			runOnlyForDeploymentPostprocessing = 0;
		};
/* End PBXCopyFilesBuildPhase section */

/* Begin PBXFileReference section */
		112BB30F1B44B8C3006349B3 /* SessionManager.swift */ = {isa = PBXFileReference; fileEncoding = 4; lastKnownFileType = sourcecode.swift; path = SessionManager.swift; sourceTree = "<group>"; };
		112BB3121B45409B006349B3 /* HomeViewController.swift */ = {isa = PBXFileReference; fileEncoding = 4; lastKnownFileType = sourcecode.swift; path = HomeViewController.swift; sourceTree = "<group>"; };
		112BB3141B454C1F006349B3 /* LoginViewController.swift */ = {isa = PBXFileReference; fileEncoding = 4; lastKnownFileType = sourcecode.swift; path = LoginViewController.swift; sourceTree = "<group>"; };
		112BB3181B482104006349B3 /* Linkastor.entitlements */ = {isa = PBXFileReference; lastKnownFileType = text.xml; path = Linkastor.entitlements; sourceTree = "<group>"; };
		112BB3191B482173006349B3 /* Extension.entitlements */ = {isa = PBXFileReference; lastKnownFileType = text.xml; path = Extension.entitlements; sourceTree = "<group>"; };
		11484F981B448A1D0072506B /* LinkastorAPIClient.swift */ = {isa = PBXFileReference; fileEncoding = 4; lastKnownFileType = sourcecode.swift; path = LinkastorAPIClient.swift; sourceTree = "<group>"; };
		1167FDE91B4189CD00F6BB64 /* Linkastor.app */ = {isa = PBXFileReference; explicitFileType = wrapper.application; includeInIndex = 0; path = Linkastor.app; sourceTree = BUILT_PRODUCTS_DIR; };
		1167FDEC1B4189CD00F6BB64 /* AppDelegate.swift */ = {isa = PBXFileReference; lastKnownFileType = sourcecode.swift; path = AppDelegate.swift; sourceTree = "<group>"; };
		1167FDF11B4189CD00F6BB64 /* Base */ = {isa = PBXFileReference; lastKnownFileType = file.storyboard; name = Base; path = Base.lproj/Main.storyboard; sourceTree = "<group>"; };
		1167FDF31B4189CD00F6BB64 /* Assets.xcassets */ = {isa = PBXFileReference; lastKnownFileType = folder.assetcatalog; path = Assets.xcassets; sourceTree = "<group>"; };
		1167FDF61B4189CD00F6BB64 /* Base */ = {isa = PBXFileReference; lastKnownFileType = file.storyboard; name = Base; path = Base.lproj/LaunchScreen.storyboard; sourceTree = "<group>"; };
		1167FDF81B4189CD00F6BB64 /* Info.plist */ = {isa = PBXFileReference; lastKnownFileType = text.plist.xml; path = Info.plist; sourceTree = "<group>"; };
		11941B0B1B41FA7B00B63AD4 /* Extension.appex */ = {isa = PBXFileReference; explicitFileType = "wrapper.app-extension"; includeInIndex = 0; path = Extension.appex; sourceTree = BUILT_PRODUCTS_DIR; };
		11941B0D1B41FA7B00B63AD4 /* ShareViewController.swift */ = {isa = PBXFileReference; lastKnownFileType = sourcecode.swift; path = ShareViewController.swift; sourceTree = "<group>"; };
		11941B121B41FA7B00B63AD4 /* Info.plist */ = {isa = PBXFileReference; lastKnownFileType = text.plist.xml; path = Info.plist; sourceTree = "<group>"; };
		11941B1B1B42003B00B63AD4 /* Base */ = {isa = PBXFileReference; lastKnownFileType = file.storyboard; name = Base; path = Base.lproj/MainInterface.storyboard; sourceTree = "<group>"; };
		11941B1D1B42005A00B63AD4 /* GroupSelectionTableViewController.swift */ = {isa = PBXFileReference; fileEncoding = 4; lastKnownFileType = sourcecode.swift; path = GroupSelectionTableViewController.swift; sourceTree = "<group>"; };
		11CEBB1B1C6FD7CB00E0AA6B /* NSExtensionContext+ContextHelper.swift */ = {isa = PBXFileReference; fileEncoding = 4; lastKnownFileType = sourcecode.swift; path = "NSExtensionContext+ContextHelper.swift"; sourceTree = "<group>"; };
		2594A934A860D696C0EEF862 /* Pods.debug.xcconfig */ = {isa = PBXFileReference; includeInIndex = 1; lastKnownFileType = text.xcconfig; name = Pods.debug.xcconfig; path = "Pods/Target Support Files/Pods/Pods.debug.xcconfig"; sourceTree = "<group>"; };
		29E3907025AAB9070EF2E58F /* Pods.framework */ = {isa = PBXFileReference; explicitFileType = wrapper.framework; includeInIndex = 0; path = Pods.framework; sourceTree = BUILT_PRODUCTS_DIR; };
		81F6CA28BB5A01046D2E78AA /* Pods.release.xcconfig */ = {isa = PBXFileReference; includeInIndex = 1; lastKnownFileType = text.xcconfig; name = Pods.release.xcconfig; path = "Pods/Target Support Files/Pods/Pods.release.xcconfig"; sourceTree = "<group>"; };
/* End PBXFileReference section */

/* Begin PBXFrameworksBuildPhase section */
		1167FDE61B4189CD00F6BB64 /* Frameworks */ = {
			isa = PBXFrameworksBuildPhase;
			buildActionMask = 2147483647;
			files = (
				6E5D85656EB2E7C726D79E06 /* Pods.framework in Frameworks */,
			);
			runOnlyForDeploymentPostprocessing = 0;
		};
		11941B081B41FA7B00B63AD4 /* Frameworks */ = {
			isa = PBXFrameworksBuildPhase;
			buildActionMask = 2147483647;
			files = (
			);
			runOnlyForDeploymentPostprocessing = 0;
		};
/* End PBXFrameworksBuildPhase section */

/* Begin PBXGroup section */
		11484F941B4489270072506B /* Classes */ = {
			isa = PBXGroup;
			children = (
				11484F951B4489480072506B /* Controllers */,
			);
			path = Classes;
			sourceTree = "<group>";
		};
		11484F951B4489480072506B /* Controllers */ = {
			isa = PBXGroup;
			children = (
				112BB3121B45409B006349B3 /* HomeViewController.swift */,
				112BB3141B454C1F006349B3 /* LoginViewController.swift */,
			);
			path = Controllers;
			sourceTree = "<group>";
		};
		11484F971B448A000072506B /* Shared */ = {
			isa = PBXGroup;
			children = (
				11484F981B448A1D0072506B /* LinkastorAPIClient.swift */,
				112BB30F1B44B8C3006349B3 /* SessionManager.swift */,
			);
			path = Shared;
			sourceTree = "<group>";
		};
		1167FDE01B4189CD00F6BB64 = {
			isa = PBXGroup;
			children = (
				11484F971B448A000072506B /* Shared */,
				1167FDEB1B4189CD00F6BB64 /* Linkastor */,
				11941B0C1B41FA7B00B63AD4 /* Extension */,
				1167FDEA1B4189CD00F6BB64 /* Products */,
				63C92FD73AF203129990BE55 /* Pods */,
				DC4246B7E569A868BA306A61 /* Frameworks */,
			);
			sourceTree = "<group>";
		};
		1167FDEA1B4189CD00F6BB64 /* Products */ = {
			isa = PBXGroup;
			children = (
				1167FDE91B4189CD00F6BB64 /* Linkastor.app */,
				11941B0B1B41FA7B00B63AD4 /* Extension.appex */,
			);
			name = Products;
			sourceTree = "<group>";
		};
		1167FDEB1B4189CD00F6BB64 /* Linkastor */ = {
			isa = PBXGroup;
			children = (
				112BB3181B482104006349B3 /* Linkastor.entitlements */,
				11484F941B4489270072506B /* Classes */,
				1167FDEC1B4189CD00F6BB64 /* AppDelegate.swift */,
				1167FDF01B4189CD00F6BB64 /* Main.storyboard */,
				1167FDF31B4189CD00F6BB64 /* Assets.xcassets */,
				1167FDF51B4189CD00F6BB64 /* LaunchScreen.storyboard */,
				1167FDF81B4189CD00F6BB64 /* Info.plist */,
			);
			path = Linkastor;
			sourceTree = "<group>";
		};
		11941B0C1B41FA7B00B63AD4 /* Extension */ = {
			isa = PBXGroup;
			children = (
				11CEBB1B1C6FD7CB00E0AA6B /* NSExtensionContext+ContextHelper.swift */,
				112BB3191B482173006349B3 /* Extension.entitlements */,
				11941B1A1B42003B00B63AD4 /* MainInterface.storyboard */,
				11941B0D1B41FA7B00B63AD4 /* ShareViewController.swift */,
				11941B1D1B42005A00B63AD4 /* GroupSelectionTableViewController.swift */,
				11941B121B41FA7B00B63AD4 /* Info.plist */,
			);
			path = Extension;
			sourceTree = "<group>";
		};
		63C92FD73AF203129990BE55 /* Pods */ = {
			isa = PBXGroup;
			children = (
				2594A934A860D696C0EEF862 /* Pods.debug.xcconfig */,
				81F6CA28BB5A01046D2E78AA /* Pods.release.xcconfig */,
			);
			name = Pods;
			sourceTree = "<group>";
		};
		DC4246B7E569A868BA306A61 /* Frameworks */ = {
			isa = PBXGroup;
			children = (
				29E3907025AAB9070EF2E58F /* Pods.framework */,
			);
			name = Frameworks;
			sourceTree = "<group>";
		};
/* End PBXGroup section */

/* Begin PBXNativeTarget section */
		1167FDE81B4189CD00F6BB64 /* Linkastor */ = {
			isa = PBXNativeTarget;
			buildConfigurationList = 1167FDFB1B4189CD00F6BB64 /* Build configuration list for PBXNativeTarget "Linkastor" */;
			buildPhases = (
				DE8570E1D897BDCA1C78BAA5 /* Check Pods Manifest.lock */,
				1167FDE51B4189CD00F6BB64 /* Sources */,
				1167FDE61B4189CD00F6BB64 /* Frameworks */,
				1167FDE71B4189CD00F6BB64 /* Resources */,
				11941B191B41FA7C00B63AD4 /* Embed App Extensions */,
				119055221B4466C4007D1B7C /* ShellScript */,
				E897EDCB2358EC41A21F2D20 /* Copy Pods Resources */,
				DE420992B8B63783BC08AB2B /* Embed Pods Frameworks */,
			);
			buildRules = (
			);
			dependencies = (
				11941B141B41FA7B00B63AD4 /* PBXTargetDependency */,
			);
			name = Linkastor;
			productName = Linkastor;
			productReference = 1167FDE91B4189CD00F6BB64 /* Linkastor.app */;
			productType = "com.apple.product-type.application";
		};
		11941B0A1B41FA7B00B63AD4 /* Extension */ = {
			isa = PBXNativeTarget;
			buildConfigurationList = 11941B181B41FA7C00B63AD4 /* Build configuration list for PBXNativeTarget "Extension" */;
			buildPhases = (
				11941B071B41FA7B00B63AD4 /* Sources */,
				11941B081B41FA7B00B63AD4 /* Frameworks */,
				11941B091B41FA7B00B63AD4 /* Resources */,
			);
			buildRules = (
			);
			dependencies = (
			);
			name = Extension;
			productName = Extension;
			productReference = 11941B0B1B41FA7B00B63AD4 /* Extension.appex */;
			productType = "com.apple.product-type.app-extension";
		};
/* End PBXNativeTarget section */

/* Begin PBXProject section */
		1167FDE11B4189CD00F6BB64 /* Project object */ = {
			isa = PBXProject;
			attributes = {
				LastUpgradeCheck = 0700;
				ORGANIZATIONNAME = "Thibaut LE LEVIER";
				TargetAttributes = {
					1167FDE81B4189CD00F6BB64 = {
						CreatedOnToolsVersion = 7.0;
						DevelopmentTeam = 5PUDMY2H3Q;
						SystemCapabilities = {
							com.apple.ApplicationGroups.iOS = {
								enabled = 1;
							};
						};
					};
					11941B0A1B41FA7B00B63AD4 = {
						CreatedOnToolsVersion = 7.0;
						DevelopmentTeam = 5PUDMY2H3Q;
						SystemCapabilities = {
							com.apple.ApplicationGroups.iOS = {
								enabled = 1;
							};
						};
					};
				};
			};
			buildConfigurationList = 1167FDE41B4189CD00F6BB64 /* Build configuration list for PBXProject "Linkastor" */;
			compatibilityVersion = "Xcode 3.2";
			developmentRegion = English;
			hasScannedForEncodings = 0;
			knownRegions = (
				en,
				Base,
			);
			mainGroup = 1167FDE01B4189CD00F6BB64;
			productRefGroup = 1167FDEA1B4189CD00F6BB64 /* Products */;
			projectDirPath = "";
			projectRoot = "";
			targets = (
				1167FDE81B4189CD00F6BB64 /* Linkastor */,
				11941B0A1B41FA7B00B63AD4 /* Extension */,
			);
		};
/* End PBXProject section */

/* Begin PBXResourcesBuildPhase section */
		1167FDE71B4189CD00F6BB64 /* Resources */ = {
			isa = PBXResourcesBuildPhase;
			buildActionMask = 2147483647;
			files = (
				1167FDF71B4189CD00F6BB64 /* LaunchScreen.storyboard in Resources */,
				1167FDF41B4189CD00F6BB64 /* Assets.xcassets in Resources */,
				1167FDF21B4189CD00F6BB64 /* Main.storyboard in Resources */,
			);
			runOnlyForDeploymentPostprocessing = 0;
		};
		11941B091B41FA7B00B63AD4 /* Resources */ = {
			isa = PBXResourcesBuildPhase;
			buildActionMask = 2147483647;
			files = (
				11941B1C1B42003B00B63AD4 /* MainInterface.storyboard in Resources */,
			);
			runOnlyForDeploymentPostprocessing = 0;
		};
/* End PBXResourcesBuildPhase section */

/* Begin PBXShellScriptBuildPhase section */
		119055221B4466C4007D1B7C /* ShellScript */ = {
			isa = PBXShellScriptBuildPhase;
			buildActionMask = 2147483647;
			files = (
			);
			inputPaths = (
			);
			outputPaths = (
			);
			runOnlyForDeploymentPostprocessing = 0;
			shellPath = /bin/sh;
			shellScript = "\"${PODS_ROOT}/Fabric/run\" b99839285eb6af83038e2fc8194cebe349a424ee bc1e0827a8536451230675e125cf149dba24ea8b01269ee77488c2a851abc47d";
		};
		DE420992B8B63783BC08AB2B /* Embed Pods Frameworks */ = {
			isa = PBXShellScriptBuildPhase;
			buildActionMask = 2147483647;
			files = (
			);
			inputPaths = (
			);
			name = "Embed Pods Frameworks";
			outputPaths = (
			);
			runOnlyForDeploymentPostprocessing = 0;
			shellPath = /bin/sh;
			shellScript = "\"${SRCROOT}/Pods/Target Support Files/Pods/Pods-frameworks.sh\"\n";
			showEnvVarsInLog = 0;
		};
		DE8570E1D897BDCA1C78BAA5 /* Check Pods Manifest.lock */ = {
			isa = PBXShellScriptBuildPhase;
			buildActionMask = 2147483647;
			files = (
			);
			inputPaths = (
			);
			name = "Check Pods Manifest.lock";
			outputPaths = (
			);
			runOnlyForDeploymentPostprocessing = 0;
			shellPath = /bin/sh;
			shellScript = "diff \"${PODS_ROOT}/../Podfile.lock\" \"${PODS_ROOT}/Manifest.lock\" > /dev/null\nif [[ $? != 0 ]] ; then\n    cat << EOM\nerror: The sandbox is not in sync with the Podfile.lock. Run 'pod install' or update your CocoaPods installation.\nEOM\n    exit 1\nfi\n";
			showEnvVarsInLog = 0;
		};
		E897EDCB2358EC41A21F2D20 /* Copy Pods Resources */ = {
			isa = PBXShellScriptBuildPhase;
			buildActionMask = 2147483647;
			files = (
			);
			inputPaths = (
			);
			name = "Copy Pods Resources";
			outputPaths = (
			);
			runOnlyForDeploymentPostprocessing = 0;
			shellPath = /bin/sh;
			shellScript = "\"${SRCROOT}/Pods/Target Support Files/Pods/Pods-resources.sh\"\n";
			showEnvVarsInLog = 0;
		};
/* End PBXShellScriptBuildPhase section */

/* Begin PBXSourcesBuildPhase section */
		1167FDE51B4189CD00F6BB64 /* Sources */ = {
			isa = PBXSourcesBuildPhase;
			buildActionMask = 2147483647;
			files = (
				112BB3151B454C1F006349B3 /* LoginViewController.swift in Sources */,
				112BB3131B45409B006349B3 /* HomeViewController.swift in Sources */,
				11484F991B448A1D0072506B /* LinkastorAPIClient.swift in Sources */,
				112BB3101B44B8C3006349B3 /* SessionManager.swift in Sources */,
				1167FDED1B4189CD00F6BB64 /* AppDelegate.swift in Sources */,
			);
			runOnlyForDeploymentPostprocessing = 0;
		};
		11941B071B41FA7B00B63AD4 /* Sources */ = {
			isa = PBXSourcesBuildPhase;
			buildActionMask = 2147483647;
			files = (
				11941B1E1B42005A00B63AD4 /* GroupSelectionTableViewController.swift in Sources */,
				11CEBB1C1C6FD7CB00E0AA6B /* NSExtensionContext+ContextHelper.swift in Sources */,
				112BB30D1B44B842006349B3 /* LinkastorAPIClient.swift in Sources */,
				112BB3111B44B9DE006349B3 /* SessionManager.swift in Sources */,
				11941B0E1B41FA7B00B63AD4 /* ShareViewController.swift in Sources */,
			);
			runOnlyForDeploymentPostprocessing = 0;
		};
/* End PBXSourcesBuildPhase section */

/* Begin PBXTargetDependency section */
		11941B141B41FA7B00B63AD4 /* PBXTargetDependency */ = {
			isa = PBXTargetDependency;
			target = 11941B0A1B41FA7B00B63AD4 /* Extension */;
			targetProxy = 11941B131B41FA7B00B63AD4 /* PBXContainerItemProxy */;
		};
/* End PBXTargetDependency section */

/* Begin PBXVariantGroup section */
		1167FDF01B4189CD00F6BB64 /* Main.storyboard */ = {
			isa = PBXVariantGroup;
			children = (
				1167FDF11B4189CD00F6BB64 /* Base */,
			);
			name = Main.storyboard;
			sourceTree = "<group>";
		};
		1167FDF51B4189CD00F6BB64 /* LaunchScreen.storyboard */ = {
			isa = PBXVariantGroup;
			children = (
				1167FDF61B4189CD00F6BB64 /* Base */,
			);
			name = LaunchScreen.storyboard;
			sourceTree = "<group>";
		};
		11941B1A1B42003B00B63AD4 /* MainInterface.storyboard */ = {
			isa = PBXVariantGroup;
			children = (
				11941B1B1B42003B00B63AD4 /* Base */,
			);
			name = MainInterface.storyboard;
			sourceTree = "<group>";
		};
/* End PBXVariantGroup section */

/* Begin XCBuildConfiguration section */
		1167FDF91B4189CD00F6BB64 /* Debug */ = {
			isa = XCBuildConfiguration;
			buildSettings = {
				ALWAYS_SEARCH_USER_PATHS = NO;
				CLANG_CXX_LANGUAGE_STANDARD = "gnu++0x";
				CLANG_CXX_LIBRARY = "libc++";
				CLANG_ENABLE_MODULES = YES;
				CLANG_ENABLE_OBJC_ARC = YES;
				CLANG_WARN_BOOL_CONVERSION = YES;
				CLANG_WARN_CONSTANT_CONVERSION = YES;
				CLANG_WARN_DIRECT_OBJC_ISA_USAGE = YES_ERROR;
				CLANG_WARN_EMPTY_BODY = YES;
				CLANG_WARN_ENUM_CONVERSION = YES;
				CLANG_WARN_INT_CONVERSION = YES;
				CLANG_WARN_OBJC_ROOT_CLASS = YES_ERROR;
				CLANG_WARN_UNREACHABLE_CODE = YES;
				CLANG_WARN__DUPLICATE_METHOD_MATCH = YES;
				"CODE_SIGN_IDENTITY[sdk=iphoneos*]" = "iPhone Developer";
				COPY_PHASE_STRIP = NO;
				DEBUG_INFORMATION_FORMAT = dwarf;
				ENABLE_STRICT_OBJC_MSGSEND = YES;
				ENABLE_TESTABILITY = YES;
				GCC_C_LANGUAGE_STANDARD = gnu99;
				GCC_DYNAMIC_NO_PIC = NO;
				GCC_NO_COMMON_BLOCKS = YES;
				GCC_OPTIMIZATION_LEVEL = 0;
				GCC_PREPROCESSOR_DEFINITIONS = (
					"DEBUG=1",
					"$(inherited)",
				);
				GCC_WARN_64_TO_32_BIT_CONVERSION = YES;
				GCC_WARN_ABOUT_RETURN_TYPE = YES_ERROR;
				GCC_WARN_UNDECLARED_SELECTOR = YES;
				GCC_WARN_UNINITIALIZED_AUTOS = YES_AGGRESSIVE;
				GCC_WARN_UNUSED_FUNCTION = YES;
				GCC_WARN_UNUSED_VARIABLE = YES;
				IPHONEOS_DEPLOYMENT_TARGET = 9.0;
				MTL_ENABLE_DEBUG_INFO = YES;
				ONLY_ACTIVE_ARCH = YES;
				SDKROOT = iphoneos;
				SWIFT_OPTIMIZATION_LEVEL = "-Onone";
			};
			name = Debug;
		};
		1167FDFA1B4189CD00F6BB64 /* Release */ = {
			isa = XCBuildConfiguration;
			buildSettings = {
				ALWAYS_SEARCH_USER_PATHS = NO;
				CLANG_CXX_LANGUAGE_STANDARD = "gnu++0x";
				CLANG_CXX_LIBRARY = "libc++";
				CLANG_ENABLE_MODULES = YES;
				CLANG_ENABLE_OBJC_ARC = YES;
				CLANG_WARN_BOOL_CONVERSION = YES;
				CLANG_WARN_CONSTANT_CONVERSION = YES;
				CLANG_WARN_DIRECT_OBJC_ISA_USAGE = YES_ERROR;
				CLANG_WARN_EMPTY_BODY = YES;
				CLANG_WARN_ENUM_CONVERSION = YES;
				CLANG_WARN_INT_CONVERSION = YES;
				CLANG_WARN_OBJC_ROOT_CLASS = YES_ERROR;
				CLANG_WARN_UNREACHABLE_CODE = YES;
				CLANG_WARN__DUPLICATE_METHOD_MATCH = YES;
				"CODE_SIGN_IDENTITY[sdk=iphoneos*]" = "iPhone Developer";
				COPY_PHASE_STRIP = NO;
				DEBUG_INFORMATION_FORMAT = "dwarf-with-dsym";
				ENABLE_NS_ASSERTIONS = NO;
				ENABLE_STRICT_OBJC_MSGSEND = YES;
				GCC_C_LANGUAGE_STANDARD = gnu99;
				GCC_NO_COMMON_BLOCKS = YES;
				GCC_WARN_64_TO_32_BIT_CONVERSION = YES;
				GCC_WARN_ABOUT_RETURN_TYPE = YES_ERROR;
				GCC_WARN_UNDECLARED_SELECTOR = YES;
				GCC_WARN_UNINITIALIZED_AUTOS = YES_AGGRESSIVE;
				GCC_WARN_UNUSED_FUNCTION = YES;
				GCC_WARN_UNUSED_VARIABLE = YES;
				IPHONEOS_DEPLOYMENT_TARGET = 9.0;
				MTL_ENABLE_DEBUG_INFO = NO;
				SDKROOT = iphoneos;
				VALIDATE_PRODUCT = YES;
			};
			name = Release;
		};
		1167FDFC1B4189CD00F6BB64 /* Debug */ = {
			isa = XCBuildConfiguration;
			baseConfigurationReference = 2594A934A860D696C0EEF862 /* Pods.debug.xcconfig */;
			buildSettings = {
				ASSETCATALOG_COMPILER_APPICON_NAME = AppIcon;
				CODE_SIGN_ENTITLEMENTS = Linkastor/Linkastor.entitlements;
				CODE_SIGN_IDENTITY = "iPhone Developer";
				"CODE_SIGN_IDENTITY[sdk=iphoneos*]" = "iPhone Developer";
				DEBUG_INFORMATION_FORMAT = "dwarf-with-dsym";
				EMBEDDED_CONTENT_CONTAINS_SWIFT = YES;
				ENABLE_BITCODE = NO;
				FRAMEWORK_SEARCH_PATHS = "$(inherited)";
				INFOPLIST_FILE = Linkastor/Info.plist;
				LD_RUNPATH_SEARCH_PATHS = "$(inherited) @executable_path/Frameworks";
				PRODUCT_BUNDLE_IDENTIFIER = com.lelevier.Linkastor;
				PRODUCT_NAME = "$(TARGET_NAME)";
				PROVISIONING_PROFILE = "";
			};
			name = Debug;
		};
		1167FDFD1B4189CD00F6BB64 /* Release */ = {
			isa = XCBuildConfiguration;
			baseConfigurationReference = 81F6CA28BB5A01046D2E78AA /* Pods.release.xcconfig */;
			buildSettings = {
				ASSETCATALOG_COMPILER_APPICON_NAME = AppIcon;
				CODE_SIGN_ENTITLEMENTS = Linkastor/Linkastor.entitlements;
				CODE_SIGN_IDENTITY = "iPhone Developer";
				"CODE_SIGN_IDENTITY[sdk=iphoneos*]" = "iPhone Developer";
				EMBEDDED_CONTENT_CONTAINS_SWIFT = YES;
				ENABLE_BITCODE = NO;
				FRAMEWORK_SEARCH_PATHS = "$(inherited)";
				INFOPLIST_FILE = Linkastor/Info.plist;
				LD_RUNPATH_SEARCH_PATHS = "$(inherited) @executable_path/Frameworks";
				PRODUCT_BUNDLE_IDENTIFIER = com.lelevier.Linkastor;
				PRODUCT_NAME = "$(TARGET_NAME)";
				PROVISIONING_PROFILE = "";
			};
			name = Release;
		};
		11941B161B41FA7C00B63AD4 /* Debug */ = {
			isa = XCBuildConfiguration;
			buildSettings = {
				CODE_SIGN_ENTITLEMENTS = Extension/Extension.entitlements;
				CODE_SIGN_IDENTITY = "iPhone Developer";
				"CODE_SIGN_IDENTITY[sdk=iphoneos*]" = "iPhone Developer";
				INFOPLIST_FILE = Extension/Info.plist;
				LD_RUNPATH_SEARCH_PATHS = "$(inherited) @executable_path/Frameworks @executable_path/../../Frameworks";
				PRODUCT_BUNDLE_IDENTIFIER = com.lelevier.Linkastor.Extension;
				PRODUCT_NAME = "$(TARGET_NAME)";
				PROVISIONING_PROFILE = "";
				SKIP_INSTALL = YES;
			};
			name = Debug;
		};
		11941B171B41FA7C00B63AD4 /* Release */ = {
			isa = XCBuildConfiguration;
			buildSettings = {
				CODE_SIGN_ENTITLEMENTS = Extension/Extension.entitlements;
				CODE_SIGN_IDENTITY = "iPhone Developer";
				"CODE_SIGN_IDENTITY[sdk=iphoneos*]" = "iPhone Developer";
				INFOPLIST_FILE = Extension/Info.plist;
				LD_RUNPATH_SEARCH_PATHS = "$(inherited) @executable_path/Frameworks @executable_path/../../Frameworks";
				PRODUCT_BUNDLE_IDENTIFIER = com.lelevier.Linkastor.Extension;
				PRODUCT_NAME = "$(TARGET_NAME)";
				PROVISIONING_PROFILE = "";
				SKIP_INSTALL = YES;
			};
			name = Release;
		};
/* End XCBuildConfiguration section */

/* Begin XCConfigurationList section */
		1167FDE41B4189CD00F6BB64 /* Build configuration list for PBXProject "Linkastor" */ = {
			isa = XCConfigurationList;
			buildConfigurations = (
				1167FDF91B4189CD00F6BB64 /* Debug */,
				1167FDFA1B4189CD00F6BB64 /* Release */,
			);
			defaultConfigurationIsVisible = 0;
			defaultConfigurationName = Release;
		};
		1167FDFB1B4189CD00F6BB64 /* Build configuration list for PBXNativeTarget "Linkastor" */ = {
			isa = XCConfigurationList;
			buildConfigurations = (
				1167FDFC1B4189CD00F6BB64 /* Debug */,
				1167FDFD1B4189CD00F6BB64 /* Release */,
			);
			defaultConfigurationIsVisible = 0;
			defaultConfigurationName = Release;
		};
		11941B181B41FA7C00B63AD4 /* Build configuration list for PBXNativeTarget "Extension" */ = {
			isa = XCConfigurationList;
			buildConfigurations = (
				11941B161B41FA7C00B63AD4 /* Debug */,
				11941B171B41FA7C00B63AD4 /* Release */,
			);
			defaultConfigurationIsVisible = 0;
			defaultConfigurationName = Release;
		};
/* End XCConfigurationList section */
	};
	rootObject = 1167FDE11B4189CD00F6BB64 /* Project object */;
}
